// !$*UTF8*$!
{
	archiveVersion = 1;
	classes = {
	};
	objectVersion = 46;
	objects = {

/* Begin PBXBuildFile section */
		AFBC420E1CEC89FE007CD99D /* AppDelegate.swift in Sources */ = {isa = PBXBuildFile; fileRef = AFBC420D1CEC89FE007CD99D /* AppDelegate.swift */; };
		AFBC42101CEC89FE007CD99D /* ViewController.swift in Sources */ = {isa = PBXBuildFile; fileRef = AFBC420F1CEC89FE007CD99D /* ViewController.swift */; };
		AFBC42131CEC89FE007CD99D /* Main.storyboard in Resources */ = {isa = PBXBuildFile; fileRef = AFBC42111CEC89FE007CD99D /* Main.storyboard */; };
		AFBC42151CEC89FE007CD99D /* Assets.xcassets in Resources */ = {isa = PBXBuildFile; fileRef = AFBC42141CEC89FE007CD99D /* Assets.xcassets */; };
		AFBC42181CEC89FE007CD99D /* LaunchScreen.storyboard in Resources */ = {isa = PBXBuildFile; fileRef = AFBC42161CEC89FE007CD99D /* LaunchScreen.storyboard */; };
/* End PBXBuildFile section */

/* Begin PBXFileReference section */
		AFBC420A1CEC89FE007CD99D /* git.app */ = {isa = PBXFileReference; explicitFileType = wrapper.application; includeInIndex = 0; path = git.app; sourceTree = BUILT_PRODUCTS_DIR; };
		AFBC420D1CEC89FE007CD99D /* AppDelegate.swift */ = {isa = PBXFileReference; lastKnownFileType = sourcecode.swift; path = AppDelegate.swift; sourceTree = "<group>"; };
		AFBC420F1CEC89FE007CD99D /* ViewController.swift */ = {isa = PBXFileReference; lastKnownFileType = sourcecode.swift; path = ViewController.swift; sourceTree = "<group>"; };
		AFBC42121CEC89FE007CD99D /* Base */ = {isa = PBXFileReference; lastKnownFileType = file.storyboard; name = Base; path = Base.lproj/Main.storyboard; sourceTree = "<group>"; };
		AFBC42141CEC89FE007CD99D /* Assets.xcassets */ = {isa = PBXFileReference; lastKnownFileType = folder.assetcatalog; path = Assets.xcassets; sourceTree = "<group>"; };
		AFBC42171CEC89FE007CD99D /* Base */ = {isa = PBXFileReference; lastKnownFileType = file.storyboard; name = Base; path = Base.lproj/LaunchScreen.storyboard; sourceTree = "<group>"; };
		AFBC42191CEC89FE007CD99D /* Info.plist */ = {isa = PBXFileReference; lastKnownFileType = text.plist.xml; path = Info.plist; sourceTree = "<group>"; };
/* End PBXFileReference section */

/* Begin PBXFrameworksBuildPhase section */
		AFBC42071CEC89FE007CD99D /* Frameworks */ = {
			isa = PBXFrameworksBuildPhase;
			buildActionMask = 2147483647;
			files = (
			);
			runOnlyForDeploymentPostprocessing = 0;
		};
/* End PBXFrameworksBuildPhase section */

/* Begin PBXGroup section */
		AFBC42011CEC89FE007CD99D = {
			isa = PBXGroup;
			children = (
				AFBC420C1CEC89FE007CD99D /* git */,
				AFBC420B1CEC89FE007CD99D /* Products */,
			);
			sourceTree = "<group>";
		};
		AFBC420B1CEC89FE007CD99D /* Products */ = {
			isa = PBXGroup;
			children = (
				AFBC420A1CEC89FE007CD99D /* git.app */,
			);
			name = Products;
			sourceTree = "<group>";
		};
		AFBC420C1CEC89FE007CD99D /* git */ = {
			isa = PBXGroup;
			children = (
				AFBC420D1CEC89FE007CD99D /* AppDelegate.swift */,
				AFBC420F1CEC89FE007CD99D /* ViewController.swift */,
				AFBC42111CEC89FE007CD99D /* Main.storyboard */,
				AFBC42141CEC89FE007CD99D /* Assets.xcassets */,
				AFBC42161CEC89FE007CD99D /* LaunchScreen.storyboard */,
				AFBC42191CEC89FE007CD99D /* Info.plist */,
			);
			path = git;
			sourceTree = "<group>";
		};
/* End PBXGroup section */

/* Begin PBXNativeTarget section */
		AFBC42091CEC89FE007CD99D /* git */ = {
			isa = PBXNativeTarget;
			buildConfigurationList = AFBC421C1CEC89FE007CD99D /* Build configuration list for PBXNativeTarget "git" */;
			buildPhases = (
				AFBC42061CEC89FE007CD99D /* Sources */,
				AFBC42071CEC89FE007CD99D /* Frameworks */,
				AFBC42081CEC89FE007CD99D /* Resources */,
			);
			buildRules = (
			);
			dependencies = (
			);
			name = git;
			productName = git;
			productReference = AFBC420A1CEC89FE007CD99D /* git.app */;
			productType = "com.apple.product-type.application";
		};
/* End PBXNativeTarget section */

/* Begin PBXProject section */
		AFBC42021CEC89FE007CD99D /* Project object */ = {
			isa = PBXProject;
			attributes = {
				LastSwiftUpdateCheck = 0720;
				LastUpgradeCheck = 0720;
				ORGANIZATIONNAME = moc.vaayoo;
				TargetAttributes = {
					AFBC42091CEC89FE007CD99D = {
						CreatedOnToolsVersion = 7.2.1;
					};
				};
			};
			buildConfigurationList = AFBC42051CEC89FE007CD99D /* Build configuration list for PBXProject "git" */;
			compatibilityVersion = "Xcode 3.2";
			developmentRegion = English;
			hasScannedForEncodings = 0;
			knownRegions = (
				en,
				Base,
			);
			mainGroup = AFBC42011CEC89FE007CD99D;
			productRefGroup = AFBC420B1CEC89FE007CD99D /* Products */;
			projectDirPath = "";
			projectRoot = "";
			targets = (
				AFBC42091CEC89FE007CD99D /* git */,
			);
		};
/* End PBXProject section */

/* Begin PBXResourcesBuildPhase section */
		AFBC42081CEC89FE007CD99D /* Resources */ = {
			isa = PBXResourcesBuildPhase;
			buildActionMask = 2147483647;
			files = (
				AFBC42181CEC89FE007CD99D /* LaunchScreen.storyboard in Resources */,
				AFBC42151CEC89FE007CD99D /* Assets.xcassets in Resources */,
				AFBC42131CEC89FE007CD99D /* Main.storyboard in Resources */,
			);
			runOnlyForDeploymentPostprocessing = 0;
		};
/* End PBXResourcesBuildPhase section */

/* Begin PBXSourcesBuildPhase section */
		AFBC42061CEC89FE007CD99D /* Sources */ = {
			isa = PBXSourcesBuildPhase;
			buildActionMask = 2147483647;
			files = (
				AFBC42101CEC89FE007CD99D /* ViewController.swift in Sources */,
				AFBC420E1CEC89FE007CD99D /* AppDelegate.swift in Sources */,
			);
			runOnlyForDeploymentPostprocessing = 0;
		};
/* End PBXSourcesBuildPhase section */

/* Begin PBXVariantGroup section */
		AFBC42111CEC89FE007CD99D /* Main.storyboard */ = {
			isa = PBXVariantGroup;
			children = (
				AFBC42121CEC89FE007CD99D /* Base */,
			);
			name = Main.storyboard;
			sourceTree = "<group>";
		};
		AFBC42161CEC89FE007CD99D /* LaunchScreen.storyboard */ = {
			isa = PBXVariantGroup;
			children = (
				AFBC42171CEC89FE007CD99D /* Base */,
			);
			name = LaunchScreen.storyboard;
			sourceTree = "<group>";
		};
/* End PBXVariantGroup section */

/* Begin XCBuildConfiguration section */
		AFBC421A1CEC89FE007CD99D /* Debug */ = {
			isa = XCBuildConfiguration;
			buildSettings = {
				ALWAYS_SEARCH_USER_PATHS = NO;
				CLANG_CXX_LANGUAGE_STANDARD = "gnu++0x";
				CLANG_CXX_LIBRARY = "libc++";
				CLANG_ENABLE_MODULES = YES;
				CLANG_ENABLE_OBJC_ARC = YES;
				CLANG_WARN_BOOL_CONVERSION = YES;
				CLANG_WARN_CONSTANT_CONVERSION = YES;
				CLANG_WARN_DIRECT_OBJC_ISA_USAGE = YES_ERROR;
				CLANG_WARN_EMPTY_BODY = YES;
				CLANG_WARN_ENUM_CONVERSION = YES;
				CLANG_WARN_INT_CONVERSION = YES;
				CLANG_WARN_OBJC_ROOT_CLASS = YES_ERROR;
				CLANG_WARN_UNREACHABLE_CODE = YES;
				CLANG_WARN__DUPLICATE_METHOD_MATCH = YES;
				"CODE_SIGN_IDENTITY[sdk=iphoneos*]" = "iPhone Developer";
				COPY_PHASE_STRIP = NO;
				DEBUG_INFORMATION_FORMAT = dwarf;
				ENABLE_STRICT_OBJC_MSGSEND = YES;
				ENABLE_TESTABILITY = YES;
				GCC_C_LANGUAGE_STANDARD = gnu99;
				GCC_DYNAMIC_NO_PIC = NO;
				GCC_NO_COMMON_BLOCKS = YES;
				GCC_OPTIMIZATION_LEVEL = 0;
				GCC_PREPROCESSOR_DEFINITIONS = (
					"DEBUG=1",
					"$(inherited)",
				);
				GCC_WARN_64_TO_32_BIT_CONVERSION = YES;
				GCC_WARN_ABOUT_RETURN_TYPE = YES_ERROR;
				GCC_WARN_UNDECLARED_SELECTOR = YES;
				GCC_WARN_UNINITIALIZED_AUTOS = YES_AGGRESSIVE;
				GCC_WARN_UNUSED_FUNCTION = YES;
				GCC_WARN_UNUSED_VARIABLE = YES;
				IPHONEOS_DEPLOYMENT_TARGET = 9.2;
				MTL_ENABLE_DEBUG_INFO = YES;
				ONLY_ACTIVE_ARCH = YES;
				SDKROOT = iphoneos;
				SWIFT_OPTIMIZATION_LEVEL = "-Onone";
			};
			name = Debug;
		};
		AFBC421B1CEC89FE007CD99D /* Release */ = {
			isa = XCBuildConfiguration;
			buildSettings = {
				ALWAYS_SEARCH_USER_PATHS = NO;
				CLANG_CXX_LANGUAGE_STANDARD = "gnu++0x";
				CLANG_CXX_LIBRARY = "libc++";
				CLANG_ENABLE_MODULES = YES;
				CLANG_ENABLE_OBJC_ARC = YES;
				CLANG_WARN_BOOL_CONVERSION = YES;
				CLANG_WARN_CONSTANT_CONVERSION = YES;
				CLANG_WARN_DIRECT_OBJC_ISA_USAGE = YES_ERROR;
				CLANG_WARN_EMPTY_BODY = YES;
				CLANG_WARN_ENUM_CONVERSION = YES;
				CLANG_WARN_INT_CONVERSION = YES;
				CLANG_WARN_OBJC_ROOT_CLASS = YES_ERROR;
				CLANG_WARN_UNREACHABLE_CODE = YES;
				CLANG_WARN__DUPLICATE_METHOD_MATCH = YES;
				"CODE_SIGN_IDENTITY[sdk=iphoneos*]" = "iPhone Developer";
				COPY_PHASE_STRIP = NO;
				DEBUG_INFORMATION_FORMAT = "dwarf-with-dsym";
				ENABLE_NS_ASSERTIONS = NO;
				ENABLE_STRICT_OBJC_MSGSEND = YES;
				GCC_C_LANGUAGE_STANDARD = gnu99;
				GCC_NO_COMMON_BLOCKS = YES;
				GCC_WARN_64_TO_32_BIT_CONVERSION = YES;
				GCC_WARN_ABOUT_RETURN_TYPE = YES_ERROR;
				GCC_WARN_UNDECLARED_SELECTOR = YES;
				GCC_WARN_UNINITIALIZED_AUTOS = YES_AGGRESSIVE;
				GCC_WARN_UNUSED_FUNCTION = YES;
				GCC_WARN_UNUSED_VARIABLE = YES;
				IPHONEOS_DEPLOYMENT_TARGET = 9.2;
				MTL_ENABLE_DEBUG_INFO = NO;
				SDKROOT = iphoneos;
				VALIDATE_PRODUCT = YES;
			};
			name = Release;
		};
		AFBC421D1CEC89FE007CD99D /* Debug */ = {
			isa = XCBuildConfiguration;
			buildSettings = {
				ASSETCATALOG_COMPILER_APPICON_NAME = AppIcon;
				INFOPLIST_FILE = git/Info.plist;
				LD_RUNPATH_SEARCH_PATHS = "$(inherited) @executable_path/Frameworks";
				PRODUCT_BUNDLE_IDENTIFIER = vaayoo.git;
				PRODUCT_NAME = "$(TARGET_NAME)";
			};
			name = Debug;
		};
		AFBC421E1CEC89FE007CD99D /* Release */ = {
			isa = XCBuildConfiguration;
			buildSettings = {
				ASSETCATALOG_COMPILER_APPICON_NAME = AppIcon;
				INFOPLIST_FILE = git/Info.plist;
				LD_RUNPATH_SEARCH_PATHS = "$(inherited) @executable_path/Frameworks";
				PRODUCT_BUNDLE_IDENTIFIER = vaayoo.git;
				PRODUCT_NAME = "$(TARGET_NAME)";
			};
			name = Release;
		};
/* End XCBuildConfiguration section */

/* Begin XCConfigurationList section */
		AFBC42051CEC89FE007CD99D /* Build configuration list for PBXProject "git" */ = {
			isa = XCConfigurationList;
			buildConfigurations = (
				AFBC421A1CEC89FE007CD99D /* Debug */,
				AFBC421B1CEC89FE007CD99D /* Release */,
			);
			defaultConfigurationIsVisible = 0;
			defaultConfigurationName = Release;
		};
		AFBC421C1CEC89FE007CD99D /* Build configuration list for PBXNativeTarget "git" */ = {
			isa = XCConfigurationList;
			buildConfigurations = (
				AFBC421D1CEC89FE007CD99D /* Debug */,
				AFBC421E1CEC89FE007CD99D /* Release */,
			);
			defaultConfigurationIsVisible = 0;
		};
/* End XCConfigurationList section */
	};
	rootObject = AFBC42021CEC89FE007CD99D /* Project object */;
}
